
Microsoft Visual Studio Solution File, Format Version 12.00
# Visual Studio Version 17
VisualStudioVersion = 17.6.33829.357
MinimumVisualStudioVersion = 10.0.40219.1
Project("{FAE04EC0-301F-11D3-BF4B-00C04F79EFBC}") = "CountDownWPF", "CountDownWPF\CountDownWPF.csproj", "{0613080F-6214-465B-B16D-07AA8B890B3E}"
EndProject
Global
	GlobalSection(SolutionConfigurationPlatforms) = preSolution
		Debug|Any CPU = Debug|Any CPU
		Release|Any CPU = Release|Any CPU
	EndGlobalSection
	GlobalSection(ProjectConfigurationPlatforms) = postSolution
		{0613080F-6214-465B-B16D-07AA8B890B3E}.Debug|Any CPU.ActiveCfg = Debug|Any CPU
		{0613080F-6214-465B-B16D-07AA8B890B3E}.Debug|Any CPU.Build.0 = Debug|Any CPU
		{0613080F-6214-465B-B16D-07AA8B890B3E}.Release|Any CPU.ActiveCfg = Release|Any CPU
		{0613080F-6214-465B-B16D-07AA8B890B3E}.Release|Any CPU.Build.0 = Release|Any CPU
	EndGlobalSection
	GlobalSection(SolutionProperties) = preSolution
		HideSolutionNode = FALSE
	EndGlobalSection
	GlobalSection(ExtensibilityGlobals) = postSolution
		SolutionGuid = {ACE0409A-39DD-480A-9F00-01A6FE8CA804}
	EndGlobalSection
EndGlobal
